
Microsoft Visual Studio Solution File, Format Version 12.00
# Visual Studio 15
VisualStudioVersion = 15.0.28010.2019
MinimumVisualStudioVersion = 10.0.40219.1
Project("{FAE04EC0-301F-11D3-BF4B-00C04F79EFBC}") = "Problemstatment", "Problemstatment\Problemstatment.csproj", "{0C201D8C-D776-467A-A40F-EC42FFB304E2}"
EndProject
Global
	GlobalSection(SolutionConfigurationPlatforms) = preSolution
		Debug|Any CPU = Debug|Any CPU
		Release|Any CPU = Release|Any CPU
	EndGlobalSection
	GlobalSection(ProjectConfigurationPlatforms) = postSolution
		{0C201D8C-D776-467A-A40F-EC42FFB304E2}.Debug|Any CPU.ActiveCfg = Debug|Any CPU
		{0C201D8C-D776-467A-A40F-EC42FFB304E2}.Debug|Any CPU.Build.0 = Debug|Any CPU
		{0C201D8C-D776-467A-A40F-EC42FFB304E2}.Release|Any CPU.ActiveCfg = Release|Any CPU
		{0C201D8C-D776-467A-A40F-EC42FFB304E2}.Release|Any CPU.Build.0 = Release|Any CPU
	EndGlobalSection
	GlobalSection(SolutionProperties) = preSolution
		HideSolutionNode = FALSE
	EndGlobalSection
	GlobalSection(ExtensibilityGlobals) = postSolution
		SolutionGuid = {B7611BDD-9EE2-4B80-920C-E1B67934508C}
	EndGlobalSection
EndGlobal
